
Microsoft Visual Studio Solution File, Format Version 12.00
# Visual Studio 14
VisualStudioVersion = 14.0.25420.1
MinimumVisualStudioVersion = 10.0.40219.1
Project("{FAE04EC0-301F-11D3-BF4B-00C04F79EFBC}") = "FWNotify", "FWNotify\FWNotify\FWNotify.csproj", "{F0793B52-16C4-4C6D-AD1E-156F549E61E6}"
EndProject
Project("{FAE04EC0-301F-11D3-BF4B-00C04F79EFBC}") = "FWNotify.Droid", "FWNotify\FWNotify.Droid\FWNotify.Droid.csproj", "{2309C847-18DB-4487-842A-527554A6D1BC}"
EndProject
Project("{FAE04EC0-301F-11D3-BF4B-00C04F79EFBC}") = "FWNotify.iOS", "FWNotify\FWNotify.iOS\FWNotify.iOS.csproj", "{1275BD16-95EE-49DC-B491-1BDB013898B0}"
EndProject
Project("{FAE04EC0-301F-11D3-BF4B-00C04F79EFBC}") = "FWNotify.UWP", "FWNotify\FWNotify.UWP\FWNotify.UWP.csproj", "{A54798EB-3C37-4125-8143-109C719509AA}"
EndProject
Project("{FAE04EC0-301F-11D3-BF4B-00C04F79EFBC}") = "FWNotify.Windows", "FWNotify\FWNotify.Windows\FWNotify.Windows.csproj", "{4CCEC25E-E0F8-4B9D-B1F2-570E5DB4BBB5}"
EndProject
Project("{FAE04EC0-301F-11D3-BF4B-00C04F79EFBC}") = "FWNotify.WinPhone", "FWNotify\FWNotify.WinPhone\FWNotify.WinPhone.csproj", "{C212E36F-E425-49D0-BAF7-B71AB1CCA5FF}"
EndProject
Global
	GlobalSection(SolutionConfigurationPlatforms) = preSolution
		Ad-Hoc|Any CPU = Ad-Hoc|Any CPU
		Ad-Hoc|ARM = Ad-Hoc|ARM
		Ad-Hoc|iPhone = Ad-Hoc|iPhone
		Ad-Hoc|iPhoneSimulator = Ad-Hoc|iPhoneSimulator
		Ad-Hoc|x64 = Ad-Hoc|x64
		Ad-Hoc|x86 = Ad-Hoc|x86
		AppStore|Any CPU = AppStore|Any CPU
		AppStore|ARM = AppStore|ARM
		AppStore|iPhone = AppStore|iPhone
		AppStore|iPhoneSimulator = AppStore|iPhoneSimulator
		AppStore|x64 = AppStore|x64
		AppStore|x86 = AppStore|x86
		Debug|Any CPU = Debug|Any CPU
		Debug|ARM = Debug|ARM
		Debug|iPhone = Debug|iPhone
		Debug|iPhoneSimulator = Debug|iPhoneSimulator
		Debug|x64 = Debug|x64
		Debug|x86 = Debug|x86
		Release|Any CPU = Release|Any CPU
		Release|ARM = Release|ARM
		Release|iPhone = Release|iPhone
		Release|iPhoneSimulator = Release|iPhoneSimulator
		Release|x64 = Release|x64
		Release|x86 = Release|x86
	EndGlobalSection
	GlobalSection(ProjectConfigurationPlatforms) = postSolution
		{F0793B52-16C4-4C6D-AD1E-156F549E61E6}.Ad-Hoc|Any CPU.ActiveCfg = Release|Any CPU
		{F0793B52-16C4-4C6D-AD1E-156F549E61E6}.Ad-Hoc|Any CPU.Build.0 = Release|Any CPU
		{F0793B52-16C4-4C6D-AD1E-156F549E61E6}.Ad-Hoc|ARM.ActiveCfg = Release|Any CPU
		{F0793B52-16C4-4C6D-AD1E-156F549E61E6}.Ad-Hoc|ARM.Build.0 = Release|Any CPU
		{F0793B52-16C4-4C6D-AD1E-156F549E61E6}.Ad-Hoc|iPhone.ActiveCfg = Release|Any CPU
		{F0793B52-16C4-4C6D-AD1E-156F549E61E6}.Ad-Hoc|iPhone.Build.0 = Release|Any CPU
		{F0793B52-16C4-4C6D-AD1E-156F549E61E6}.Ad-Hoc|iPhoneSimulator.ActiveCfg = Release|Any CPU
		{F0793B52-16C4-4C6D-AD1E-156F549E61E6}.Ad-Hoc|iPhoneSimulator.Build.0 = Release|Any CPU
		{F0793B52-16C4-4C6D-AD1E-156F549E61E6}.Ad-Hoc|x64.ActiveCfg = Release|Any CPU
		{F0793B52-16C4-4C6D-AD1E-156F549E61E6}.Ad-Hoc|x64.Build.0 = Release|Any CPU
		{F0793B52-16C4-4C6D-AD1E-156F549E61E6}.Ad-Hoc|x86.ActiveCfg = Release|Any CPU
		{F0793B52-16C4-4C6D-AD1E-156F549E61E6}.Ad-Hoc|x86.Build.0 = Release|Any CPU
		{F0793B52-16C4-4C6D-AD1E-156F549E61E6}.AppStore|Any CPU.ActiveCfg = Release|Any CPU
		{F0793B52-16C4-4C6D-AD1E-156F549E61E6}.AppStore|Any CPU.Build.0 = Release|Any CPU
		{F0793B52-16C4-4C6D-AD1E-156F549E61E6}.AppStore|ARM.ActiveCfg = Release|Any CPU
		{F0793B52-16C4-4C6D-AD1E-156F549E61E6}.AppStore|ARM.Build.0 = Release|Any CPU
		{F0793B52-16C4-4C6D-AD1E-156F549E61E6}.AppStore|iPhone.ActiveCfg = Release|Any CPU
		{F0793B52-16C4-4C6D-AD1E-156F549E61E6}.AppStore|iPhone.Build.0 = Release|Any CPU
		{F0793B52-16C4-4C6D-AD1E-156F549E61E6}.AppStore|iPhoneSimulator.ActiveCfg = Release|Any CPU
		{F0793B52-16C4-4C6D-AD1E-156F549E61E6}.AppStore|iPhoneSimulator.Build.0 = Release|Any CPU
		{F0793B52-16C4-4C6D-AD1E-156F549E61E6}.AppStore|x64.ActiveCfg = Release|Any CPU
		{F0793B52-16C4-4C6D-AD1E-156F549E61E6}.AppStore|x64.Build.0 = Release|Any CPU
		{F0793B52-16C4-4C6D-AD1E-156F549E61E6}.AppStore|x86.ActiveCfg = Release|Any CPU
		{F0793B52-16C4-4C6D-AD1E-156F549E61E6}.AppStore|x86.Build.0 = Release|Any CPU
		{F0793B52-16C4-4C6D-AD1E-156F549E61E6}.Debug|Any CPU.ActiveCfg = Debug|Any CPU
		{F0793B52-16C4-4C6D-AD1E-156F549E61E6}.Debug|Any CPU.Build.0 = Debug|Any CPU
		{F0793B52-16C4-4C6D-AD1E-156F549E61E6}.Debug|ARM.ActiveCfg = Debug|Any CPU
		{F0793B52-16C4-4C6D-AD1E-156F549E61E6}.Debug|ARM.Build.0 = Debug|Any CPU
		{F0793B52-16C4-4C6D-AD1E-156F549E61E6}.Debug|iPhone.ActiveCfg = Debug|Any CPU
		{F0793B52-16C4-4C6D-AD1E-156F549E61E6}.Debug|iPhone.Build.0 = Debug|Any CPU
		{F0793B52-16C4-4C6D-AD1E-156F549E61E6}.Debug|iPhoneSimulator.ActiveCfg = Debug|Any CPU
		{F0793B52-16C4-4C6D-AD1E-156F549E61E6}.Debug|iPhoneSimulator.Build.0 = Debug|Any CPU
		{F0793B52-16C4-4C6D-AD1E-156F549E61E6}.Debug|x64.ActiveCfg = Debug|Any CPU
		{F0793B52-16C4-4C6D-AD1E-156F549E61E6}.Debug|x64.Build.0 = Debug|Any CPU
		{F0793B52-16C4-4C6D-AD1E-156F549E61E6}.Debug|x86.ActiveCfg = Debug|Any CPU
		{F0793B52-16C4-4C6D-AD1E-156F549E61E6}.Debug|x86.Build.0 = Debug|Any CPU
		{F0793B52-16C4-4C6D-AD1E-156F549E61E6}.Release|Any CPU.ActiveCfg = Release|Any CPU
		{F0793B52-16C4-4C6D-AD1E-156F549E61E6}.Release|Any CPU.Build.0 = Release|Any CPU
		{F0793B52-16C4-4C6D-AD1E-156F549E61E6}.Release|ARM.ActiveCfg = Release|Any CPU
		{F0793B52-16C4-4C6D-AD1E-156F549E61E6}.Release|ARM.Build.0 = Release|Any CPU
		{F0793B52-16C4-4C6D-AD1E-156F549E61E6}.Release|iPhone.ActiveCfg = Release|Any CPU
		{F0793B52-16C4-4C6D-AD1E-156F549E61E6}.Release|iPhone.Build.0 = Release|Any CPU
		{F0793B52-16C4-4C6D-AD1E-156F549E61E6}.Release|iPhoneSimulator.ActiveCfg = Release|Any CPU
		{F0793B52-16C4-4C6D-AD1E-156F549E61E6}.Release|iPhoneSimulator.Build.0 = Release|Any CPU
		{F0793B52-16C4-4C6D-AD1E-156F549E61E6}.Release|x64.ActiveCfg = Release|Any CPU
		{F0793B52-16C4-4C6D-AD1E-156F549E61E6}.Release|x64.Build.0 = Release|Any CPU
		{F0793B52-16C4-4C6D-AD1E-156F549E61E6}.Release|x86.ActiveCfg = Release|Any CPU
		{F0793B52-16C4-4C6D-AD1E-156F549E61E6}.Release|x86.Build.0 = Release|Any CPU
		{2309C847-18DB-4487-842A-527554A6D1BC}.Ad-Hoc|Any CPU.ActiveCfg = Release|Any CPU
		{2309C847-18DB-4487-842A-527554A6D1BC}.Ad-Hoc|Any CPU.Build.0 = Release|Any CPU
		{2309C847-18DB-4487-842A-527554A6D1BC}.Ad-Hoc|Any CPU.Deploy.0 = Release|Any CPU
		{2309C847-18DB-4487-842A-527554A6D1BC}.Ad-Hoc|ARM.ActiveCfg = Release|Any CPU
		{2309C847-18DB-4487-842A-527554A6D1BC}.Ad-Hoc|ARM.Build.0 = Release|Any CPU
		{2309C847-18DB-4487-842A-527554A6D1BC}.Ad-Hoc|ARM.Deploy.0 = Release|Any CPU
		{2309C847-18DB-4487-842A-527554A6D1BC}.Ad-Hoc|iPhone.ActiveCfg = Release|Any CPU
		{2309C847-18DB-4487-842A-527554A6D1BC}.Ad-Hoc|iPhone.Build.0 = Release|Any CPU
		{2309C847-18DB-4487-842A-527554A6D1BC}.Ad-Hoc|iPhone.Deploy.0 = Release|Any CPU
		{2309C847-18DB-4487-842A-527554A6D1BC}.Ad-Hoc|iPhoneSimulator.ActiveCfg = Release|Any CPU
		{2309C847-18DB-4487-842A-527554A6D1BC}.Ad-Hoc|iPhoneSimulator.Build.0 = Release|Any CPU
		{2309C847-18DB-4487-842A-527554A6D1BC}.Ad-Hoc|iPhoneSimulator.Deploy.0 = Release|Any CPU
		{2309C847-18DB-4487-842A-527554A6D1BC}.Ad-Hoc|x64.ActiveCfg = Release|Any CPU
		{2309C847-18DB-4487-842A-527554A6D1BC}.Ad-Hoc|x64.Build.0 = Release|Any CPU
		{2309C847-18DB-4487-842A-527554A6D1BC}.Ad-Hoc|x64.Deploy.0 = Release|Any CPU
		{2309C847-18DB-4487-842A-527554A6D1BC}.Ad-Hoc|x86.ActiveCfg = Release|Any CPU
		{2309C847-18DB-4487-842A-527554A6D1BC}.Ad-Hoc|x86.Build.0 = Release|Any CPU
		{2309C847-18DB-4487-842A-527554A6D1BC}.Ad-Hoc|x86.Deploy.0 = Release|Any CPU
		{2309C847-18DB-4487-842A-527554A6D1BC}.AppStore|Any CPU.ActiveCfg = Release|Any CPU
		{2309C847-18DB-4487-842A-527554A6D1BC}.AppStore|Any CPU.Build.0 = Release|Any CPU
		{2309C847-18DB-4487-842A-527554A6D1BC}.AppStore|Any CPU.Deploy.0 = Release|Any CPU
		{2309C847-18DB-4487-842A-527554A6D1BC}.AppStore|ARM.ActiveCfg = Release|Any CPU
		{2309C847-18DB-4487-842A-527554A6D1BC}.AppStore|ARM.Build.0 = Release|Any CPU
		{2309C847-18DB-4487-842A-527554A6D1BC}.AppStore|ARM.Deploy.0 = Release|Any CPU
		{2309C847-18DB-4487-842A-527554A6D1BC}.AppStore|iPhone.ActiveCfg = Release|Any CPU
		{2309C847-18DB-4487-842A-527554A6D1BC}.AppStore|iPhone.Build.0 = Release|Any CPU
		{2309C847-18DB-4487-842A-527554A6D1BC}.AppStore|iPhone.Deploy.0 = Release|Any CPU
		{2309C847-18DB-4487-842A-527554A6D1BC}.AppStore|iPhoneSimulator.ActiveCfg = Release|Any CPU
		{2309C847-18DB-4487-842A-527554A6D1BC}.AppStore|iPhoneSimulator.Build.0 = Release|Any CPU
		{2309C847-18DB-4487-842A-527554A6D1BC}.AppStore|iPhoneSimulator.Deploy.0 = Release|Any CPU
		{2309C847-18DB-4487-842A-527554A6D1BC}.AppStore|x64.ActiveCfg = Release|Any CPU
		{2309C847-18DB-4487-842A-527554A6D1BC}.AppStore|x64.Build.0 = Release|Any CPU
		{2309C847-18DB-4487-842A-527554A6D1BC}.AppStore|x64.Deploy.0 = Release|Any CPU
		{2309C847-18DB-4487-842A-527554A6D1BC}.AppStore|x86.ActiveCfg = Release|Any CPU
		{2309C847-18DB-4487-842A-527554A6D1BC}.AppStore|x86.Build.0 = Release|Any CPU
		{2309C847-18DB-4487-842A-527554A6D1BC}.AppStore|x86.Deploy.0 = Release|Any CPU
		{2309C847-18DB-4487-842A-527554A6D1BC}.Debug|Any CPU.ActiveCfg = Debug|Any CPU
		{2309C847-18DB-4487-842A-527554A6D1BC}.Debug|Any CPU.Build.0 = Debug|Any CPU
		{2309C847-18DB-4487-842A-527554A6D1BC}.Debug|Any CPU.Deploy.0 = Debug|Any CPU
		{2309C847-18DB-4487-842A-527554A6D1BC}.Debug|ARM.ActiveCfg = Debug|Any CPU
		{2309C847-18DB-4487-842A-527554A6D1BC}.Debug|ARM.Build.0 = Debug|Any CPU
		{2309C847-18DB-4487-842A-527554A6D1BC}.Debug|ARM.Deploy.0 = Debug|Any CPU
		{2309C847-18DB-4487-842A-527554A6D1BC}.Debug|iPhone.ActiveCfg = Debug|Any CPU
		{2309C847-18DB-4487-842A-527554A6D1BC}.Debug|iPhone.Build.0 = Debug|Any CPU
		{2309C847-18DB-4487-842A-527554A6D1BC}.Debug|iPhone.Deploy.0 = Debug|Any CPU
		{2309C847-18DB-4487-842A-527554A6D1BC}.Debug|iPhoneSimulator.ActiveCfg = Debug|Any CPU
		{2309C847-18DB-4487-842A-527554A6D1BC}.Debug|iPhoneSimulator.Build.0 = Debug|Any CPU
		{2309C847-18DB-4487-842A-527554A6D1BC}.Debug|iPhoneSimulator.Deploy.0 = Debug|Any CPU
		{2309C847-18DB-4487-842A-527554A6D1BC}.Debug|x64.ActiveCfg = Debug|Any CPU
		{2309C847-18DB-4487-842A-527554A6D1BC}.Debug|x64.Build.0 = Debug|Any CPU
		{2309C847-18DB-4487-842A-527554A6D1BC}.Debug|x64.Deploy.0 = Debug|Any CPU
		{2309C847-18DB-4487-842A-527554A6D1BC}.Debug|x86.ActiveCfg = Debug|Any CPU
		{2309C847-18DB-4487-842A-527554A6D1BC}.Debug|x86.Build.0 = Debug|Any CPU
		{2309C847-18DB-4487-842A-527554A6D1BC}.Debug|x86.Deploy.0 = Debug|Any CPU
		{2309C847-18DB-4487-842A-527554A6D1BC}.Release|Any CPU.ActiveCfg = Release|Any CPU
		{2309C847-18DB-4487-842A-527554A6D1BC}.Release|Any CPU.Build.0 = Release|Any CPU
		{2309C847-18DB-4487-842A-527554A6D1BC}.Release|Any CPU.Deploy.0 = Release|Any CPU
		{2309C847-18DB-4487-842A-527554A6D1BC}.Release|ARM.ActiveCfg = Release|Any CPU
		{2309C847-18DB-4487-842A-527554A6D1BC}.Release|ARM.Build.0 = Release|Any CPU
		{2309C847-18DB-4487-842A-527554A6D1BC}.Release|ARM.Deploy.0 = Release|Any CPU
		{2309C847-18DB-4487-842A-527554A6D1BC}.Release|iPhone.ActiveCfg = Release|Any CPU
		{2309C847-18DB-4487-842A-527554A6D1BC}.Release|iPhone.Build.0 = Release|Any CPU
		{2309C847-18DB-4487-842A-527554A6D1BC}.Release|iPhone.Deploy.0 = Release|Any CPU
		{2309C847-18DB-4487-842A-527554A6D1BC}.Release|iPhoneSimulator.ActiveCfg = Release|Any CPU
		{2309C847-18DB-4487-842A-527554A6D1BC}.Release|iPhoneSimulator.Build.0 = Release|Any CPU
		{2309C847-18DB-4487-842A-527554A6D1BC}.Release|iPhoneSimulator.Deploy.0 = Release|Any CPU
		{2309C847-18DB-4487-842A-527554A6D1BC}.Release|x64.ActiveCfg = Release|Any CPU
		{2309C847-18DB-4487-842A-527554A6D1BC}.Release|x64.Build.0 = Release|Any CPU
		{2309C847-18DB-4487-842A-527554A6D1BC}.Release|x64.Deploy.0 = Release|Any CPU
		{2309C847-18DB-4487-842A-527554A6D1BC}.Release|x86.ActiveCfg = Release|Any CPU
		{2309C847-18DB-4487-842A-527554A6D1BC}.Release|x86.Build.0 = Release|Any CPU
		{2309C847-18DB-4487-842A-527554A6D1BC}.Release|x86.Deploy.0 = Release|Any CPU
		{1275BD16-95EE-49DC-B491-1BDB013898B0}.Ad-Hoc|Any CPU.ActiveCfg = Ad-Hoc|iPhone
		{1275BD16-95EE-49DC-B491-1BDB013898B0}.Ad-Hoc|ARM.ActiveCfg = Ad-Hoc|iPhone
		{1275BD16-95EE-49DC-B491-1BDB013898B0}.Ad-Hoc|iPhone.ActiveCfg = Ad-Hoc|iPhone
		{1275BD16-95EE-49DC-B491-1BDB013898B0}.Ad-Hoc|iPhone.Build.0 = Ad-Hoc|iPhone
		{1275BD16-95EE-49DC-B491-1BDB013898B0}.Ad-Hoc|iPhoneSimulator.ActiveCfg = Ad-Hoc|iPhoneSimulator
		{1275BD16-95EE-49DC-B491-1BDB013898B0}.Ad-Hoc|iPhoneSimulator.Build.0 = Ad-Hoc|iPhoneSimulator
		{1275BD16-95EE-49DC-B491-1BDB013898B0}.Ad-Hoc|x64.ActiveCfg = Ad-Hoc|iPhone
		{1275BD16-95EE-49DC-B491-1BDB013898B0}.Ad-Hoc|x86.ActiveCfg = Ad-Hoc|iPhone
		{1275BD16-95EE-49DC-B491-1BDB013898B0}.AppStore|Any CPU.ActiveCfg = AppStore|iPhone
		{1275BD16-95EE-49DC-B491-1BDB013898B0}.AppStore|ARM.ActiveCfg = AppStore|iPhone
		{1275BD16-95EE-49DC-B491-1BDB013898B0}.AppStore|iPhone.ActiveCfg = AppStore|iPhone
		{1275BD16-95EE-49DC-B491-1BDB013898B0}.AppStore|iPhone.Build.0 = AppStore|iPhone
		{1275BD16-95EE-49DC-B491-1BDB013898B0}.AppStore|iPhoneSimulator.ActiveCfg = AppStore|iPhoneSimulator
		{1275BD16-95EE-49DC-B491-1BDB013898B0}.AppStore|iPhoneSimulator.Build.0 = AppStore|iPhoneSimulator
		{1275BD16-95EE-49DC-B491-1BDB013898B0}.AppStore|x64.ActiveCfg = AppStore|iPhone
		{1275BD16-95EE-49DC-B491-1BDB013898B0}.AppStore|x86.ActiveCfg = AppStore|iPhone
		{1275BD16-95EE-49DC-B491-1BDB013898B0}.Debug|Any CPU.ActiveCfg = Debug|iPhone
		{1275BD16-95EE-49DC-B491-1BDB013898B0}.Debug|ARM.ActiveCfg = Debug|iPhone
		{1275BD16-95EE-49DC-B491-1BDB013898B0}.Debug|iPhone.ActiveCfg = Debug|iPhone
		{1275BD16-95EE-49DC-B491-1BDB013898B0}.Debug|iPhone.Build.0 = Debug|iPhone
		{1275BD16-95EE-49DC-B491-1BDB013898B0}.Debug|iPhoneSimulator.ActiveCfg = Debug|iPhoneSimulator
		{1275BD16-95EE-49DC-B491-1BDB013898B0}.Debug|iPhoneSimulator.Build.0 = Debug|iPhoneSimulator
		{1275BD16-95EE-49DC-B491-1BDB013898B0}.Debug|x64.ActiveCfg = Debug|iPhone
		{1275BD16-95EE-49DC-B491-1BDB013898B0}.Debug|x86.ActiveCfg = Debug|iPhone
		{1275BD16-95EE-49DC-B491-1BDB013898B0}.Release|Any CPU.ActiveCfg = Release|iPhone
		{1275BD16-95EE-49DC-B491-1BDB013898B0}.Release|ARM.ActiveCfg = Release|iPhone
		{1275BD16-95EE-49DC-B491-1BDB013898B0}.Release|iPhone.ActiveCfg = Release|iPhone
		{1275BD16-95EE-49DC-B491-1BDB013898B0}.Release|iPhone.Build.0 = Release|iPhone
		{1275BD16-95EE-49DC-B491-1BDB013898B0}.Release|iPhoneSimulator.ActiveCfg = Release|iPhoneSimulator
		{1275BD16-95EE-49DC-B491-1BDB013898B0}.Release|iPhoneSimulator.Build.0 = Release|iPhoneSimulator
		{1275BD16-95EE-49DC-B491-1BDB013898B0}.Release|x64.ActiveCfg = Release|iPhone
		{1275BD16-95EE-49DC-B491-1BDB013898B0}.Release|x86.ActiveCfg = Release|iPhone
		{A54798EB-3C37-4125-8143-109C719509AA}.Ad-Hoc|Any CPU.ActiveCfg = Release|x86
		{A54798EB-3C37-4125-8143-109C719509AA}.Ad-Hoc|Any CPU.Build.0 = Release|x86
		{A54798EB-3C37-4125-8143-109C719509AA}.Ad-Hoc|Any CPU.Deploy.0 = Release|x86
		{A54798EB-3C37-4125-8143-109C719509AA}.Ad-Hoc|ARM.ActiveCfg = Release|ARM
		{A54798EB-3C37-4125-8143-109C719509AA}.Ad-Hoc|ARM.Build.0 = Release|ARM
		{A54798EB-3C37-4125-8143-109C719509AA}.Ad-Hoc|ARM.Deploy.0 = Release|ARM
		{A54798EB-3C37-4125-8143-109C719509AA}.Ad-Hoc|iPhone.ActiveCfg = Release|x86
		{A54798EB-3C37-4125-8143-109C719509AA}.Ad-Hoc|iPhone.Build.0 = Release|x86
		{A54798EB-3C37-4125-8143-109C719509AA}.Ad-Hoc|iPhone.Deploy.0 = Release|x86
		{A54798EB-3C37-4125-8143-109C719509AA}.Ad-Hoc|iPhoneSimulator.ActiveCfg = Release|x86
		{A54798EB-3C37-4125-8143-109C719509AA}.Ad-Hoc|iPhoneSimulator.Build.0 = Release|x86
		{A54798EB-3C37-4125-8143-109C719509AA}.Ad-Hoc|iPhoneSimulator.Deploy.0 = Release|x86
		{A54798EB-3C37-4125-8143-109C719509AA}.Ad-Hoc|x64.ActiveCfg = Release|x64
		{A54798EB-3C37-4125-8143-109C719509AA}.Ad-Hoc|x64.Build.0 = Release|x64
		{A54798EB-3C37-4125-8143-109C719509AA}.Ad-Hoc|x64.Deploy.0 = Release|x64
		{A54798EB-3C37-4125-8143-109C719509AA}.Ad-Hoc|x86.ActiveCfg = Release|x86
		{A54798EB-3C37-4125-8143-109C719509AA}.Ad-Hoc|x86.Build.0 = Release|x86
		{A54798EB-3C37-4125-8143-109C719509AA}.Ad-Hoc|x86.Deploy.0 = Release|x86
		{A54798EB-3C37-4125-8143-109C719509AA}.AppStore|Any CPU.ActiveCfg = Release|x86
		{A54798EB-3C37-4125-8143-109C719509AA}.AppStore|Any CPU.Build.0 = Release|x86
		{A54798EB-3C37-4125-8143-109C719509AA}.AppStore|Any CPU.Deploy.0 = Release|x86
		{A54798EB-3C37-4125-8143-109C719509AA}.AppStore|ARM.ActiveCfg = Release|ARM
		{A54798EB-3C37-4125-8143-109C719509AA}.AppStore|ARM.Build.0 = Release|ARM
		{A54798EB-3C37-4125-8143-109C719509AA}.AppStore|ARM.Deploy.0 = Release|ARM
		{A54798EB-3C37-4125-8143-109C719509AA}.AppStore|iPhone.ActiveCfg = Release|x86
		{A54798EB-3C37-4125-8143-109C719509AA}.AppStore|iPhone.Build.0 = Release|x86
		{A54798EB-3C37-4125-8143-109C719509AA}.AppStore|iPhone.Deploy.0 = Release|x86
		{A54798EB-3C37-4125-8143-109C719509AA}.AppStore|iPhoneSimulator.ActiveCfg = Release|x86
		{A54798EB-3C37-4125-8143-109C719509AA}.AppStore|iPhoneSimulator.Build.0 = Release|x86
		{A54798EB-3C37-4125-8143-109C719509AA}.AppStore|iPhoneSimulator.Deploy.0 = Release|x86
		{A54798EB-3C37-4125-8143-109C719509AA}.AppStore|x64.ActiveCfg = Release|x64
		{A54798EB-3C37-4125-8143-109C719509AA}.AppStore|x64.Build.0 = Release|x64
		{A54798EB-3C37-4125-8143-109C719509AA}.AppStore|x64.Deploy.0 = Release|x64
		{A54798EB-3C37-4125-8143-109C719509AA}.AppStore|x86.ActiveCfg = Release|x86
		{A54798EB-3C37-4125-8143-109C719509AA}.AppStore|x86.Build.0 = Release|x86
		{A54798EB-3C37-4125-8143-109C719509AA}.AppStore|x86.Deploy.0 = Release|x86
		{A54798EB-3C37-4125-8143-109C719509AA}.Debug|Any CPU.ActiveCfg = Debug|x86
		{A54798EB-3C37-4125-8143-109C719509AA}.Debug|ARM.ActiveCfg = Debug|ARM
		{A54798EB-3C37-4125-8143-109C719509AA}.Debug|ARM.Build.0 = Debug|ARM
		{A54798EB-3C37-4125-8143-109C719509AA}.Debug|ARM.Deploy.0 = Debug|ARM
		{A54798EB-3C37-4125-8143-109C719509AA}.Debug|iPhone.ActiveCfg = Debug|x86
		{A54798EB-3C37-4125-8143-109C719509AA}.Debug|iPhoneSimulator.ActiveCfg = Debug|x86
		{A54798EB-3C37-4125-8143-109C719509AA}.Debug|x64.ActiveCfg = Debug|x64
		{A54798EB-3C37-4125-8143-109C719509AA}.Debug|x64.Build.0 = Debug|x64
		{A54798EB-3C37-4125-8143-109C719509AA}.Debug|x64.Deploy.0 = Debug|x64
		{A54798EB-3C37-4125-8143-109C719509AA}.Debug|x86.ActiveCfg = Debug|x86
		{A54798EB-3C37-4125-8143-109C719509AA}.Debug|x86.Build.0 = Debug|x86
		{A54798EB-3C37-4125-8143-109C719509AA}.Debug|x86.Deploy.0 = Debug|x86
		{A54798EB-3C37-4125-8143-109C719509AA}.Release|Any CPU.ActiveCfg = Release|x86
		{A54798EB-3C37-4125-8143-109C719509AA}.Release|ARM.ActiveCfg = Release|ARM
		{A54798EB-3C37-4125-8143-109C719509AA}.Release|ARM.Build.0 = Release|ARM
		{A54798EB-3C37-4125-8143-109C719509AA}.Release|ARM.Deploy.0 = Release|ARM
		{A54798EB-3C37-4125-8143-109C719509AA}.Release|iPhone.ActiveCfg = Release|x86
		{A54798EB-3C37-4125-8143-109C719509AA}.Release|iPhoneSimulator.ActiveCfg = Release|x86
		{A54798EB-3C37-4125-8143-109C719509AA}.Release|x64.ActiveCfg = Release|x64
		{A54798EB-3C37-4125-8143-109C719509AA}.Release|x64.Build.0 = Release|x64
		{A54798EB-3C37-4125-8143-109C719509AA}.Release|x64.Deploy.0 = Release|x64
		{A54798EB-3C37-4125-8143-109C719509AA}.Release|x86.ActiveCfg = Release|x86
		{A54798EB-3C37-4125-8143-109C719509AA}.Release|x86.Build.0 = Release|x86
		{A54798EB-3C37-4125-8143-109C719509AA}.Release|x86.Deploy.0 = Release|x86
		{4CCEC25E-E0F8-4B9D-B1F2-570E5DB4BBB5}.Ad-Hoc|Any CPU.ActiveCfg = Release|Any CPU
		{4CCEC25E-E0F8-4B9D-B1F2-570E5DB4BBB5}.Ad-Hoc|Any CPU.Build.0 = Release|Any CPU
		{4CCEC25E-E0F8-4B9D-B1F2-570E5DB4BBB5}.Ad-Hoc|Any CPU.Deploy.0 = Release|Any CPU
		{4CCEC25E-E0F8-4B9D-B1F2-570E5DB4BBB5}.Ad-Hoc|ARM.ActiveCfg = Release|ARM
		{4CCEC25E-E0F8-4B9D-B1F2-570E5DB4BBB5}.Ad-Hoc|ARM.Build.0 = Release|ARM
		{4CCEC25E-E0F8-4B9D-B1F2-570E5DB4BBB5}.Ad-Hoc|ARM.Deploy.0 = Release|ARM
		{4CCEC25E-E0F8-4B9D-B1F2-570E5DB4BBB5}.Ad-Hoc|iPhone.ActiveCfg = Release|Any CPU
		{4CCEC25E-E0F8-4B9D-B1F2-570E5DB4BBB5}.Ad-Hoc|iPhone.Build.0 = Release|Any CPU
		{4CCEC25E-E0F8-4B9D-B1F2-570E5DB4BBB5}.Ad-Hoc|iPhone.Deploy.0 = Release|Any CPU
		{4CCEC25E-E0F8-4B9D-B1F2-570E5DB4BBB5}.Ad-Hoc|iPhoneSimulator.ActiveCfg = Release|Any CPU
		{4CCEC25E-E0F8-4B9D-B1F2-570E5DB4BBB5}.Ad-Hoc|iPhoneSimulator.Build.0 = Release|Any CPU
		{4CCEC25E-E0F8-4B9D-B1F2-570E5DB4BBB5}.Ad-Hoc|iPhoneSimulator.Deploy.0 = Release|Any CPU
		{4CCEC25E-E0F8-4B9D-B1F2-570E5DB4BBB5}.Ad-Hoc|x64.ActiveCfg = Release|x64
		{4CCEC25E-E0F8-4B9D-B1F2-570E5DB4BBB5}.Ad-Hoc|x64.Build.0 = Release|x64
		{4CCEC25E-E0F8-4B9D-B1F2-570E5DB4BBB5}.Ad-Hoc|x64.Deploy.0 = Release|x64
		{4CCEC25E-E0F8-4B9D-B1F2-570E5DB4BBB5}.Ad-Hoc|x86.ActiveCfg = Release|x86
		{4CCEC25E-E0F8-4B9D-B1F2-570E5DB4BBB5}.Ad-Hoc|x86.Build.0 = Release|x86
		{4CCEC25E-E0F8-4B9D-B1F2-570E5DB4BBB5}.Ad-Hoc|x86.Deploy.0 = Release|x86
		{4CCEC25E-E0F8-4B9D-B1F2-570E5DB4BBB5}.AppStore|Any CPU.ActiveCfg = Release|Any CPU
		{4CCEC25E-E0F8-4B9D-B1F2-570E5DB4BBB5}.AppStore|Any CPU.Build.0 = Release|Any CPU
		{4CCEC25E-E0F8-4B9D-B1F2-570E5DB4BBB5}.AppStore|Any CPU.Deploy.0 = Release|Any CPU
		{4CCEC25E-E0F8-4B9D-B1F2-570E5DB4BBB5}.AppStore|ARM.ActiveCfg = Release|ARM
		{4CCEC25E-E0F8-4B9D-B1F2-570E5DB4BBB5}.AppStore|ARM.Build.0 = Release|ARM
		{4CCEC25E-E0F8-4B9D-B1F2-570E5DB4BBB5}.AppStore|ARM.Deploy.0 = Release|ARM
		{4CCEC25E-E0F8-4B9D-B1F2-570E5DB4BBB5}.AppStore|iPhone.ActiveCfg = Release|Any CPU
		{4CCEC25E-E0F8-4B9D-B1F2-570E5DB4BBB5}.AppStore|iPhone.Build.0 = Release|Any CPU
		{4CCEC25E-E0F8-4B9D-B1F2-570E5DB4BBB5}.AppStore|iPhone.Deploy.0 = Release|Any CPU
		{4CCEC25E-E0F8-4B9D-B1F2-570E5DB4BBB5}.AppStore|iPhoneSimulator.ActiveCfg = Release|Any CPU
		{4CCEC25E-E0F8-4B9D-B1F2-570E5DB4BBB5}.AppStore|iPhoneSimulator.Build.0 = Release|Any CPU
		{4CCEC25E-E0F8-4B9D-B1F2-570E5DB4BBB5}.AppStore|iPhoneSimulator.Deploy.0 = Release|Any CPU
		{4CCEC25E-E0F8-4B9D-B1F2-570E5DB4BBB5}.AppStore|x64.ActiveCfg = Release|x64
		{4CCEC25E-E0F8-4B9D-B1F2-570E5DB4BBB5}.AppStore|x64.Build.0 = Release|x64
		{4CCEC25E-E0F8-4B9D-B1F2-570E5DB4BBB5}.AppStore|x64.Deploy.0 = Release|x64
		{4CCEC25E-E0F8-4B9D-B1F2-570E5DB4BBB5}.AppStore|x86.ActiveCfg = Release|x86
		{4CCEC25E-E0F8-4B9D-B1F2-570E5DB4BBB5}.AppStore|x86.Build.0 = Release|x86
		{4CCEC25E-E0F8-4B9D-B1F2-570E5DB4BBB5}.AppStore|x86.Deploy.0 = Release|x86
		{4CCEC25E-E0F8-4B9D-B1F2-570E5DB4BBB5}.Debug|Any CPU.ActiveCfg = Debug|Any CPU
		{4CCEC25E-E0F8-4B9D-B1F2-570E5DB4BBB5}.Debug|Any CPU.Build.0 = Debug|Any CPU
		{4CCEC25E-E0F8-4B9D-B1F2-570E5DB4BBB5}.Debug|Any CPU.Deploy.0 = Debug|Any CPU
		{4CCEC25E-E0F8-4B9D-B1F2-570E5DB4BBB5}.Debug|ARM.ActiveCfg = Debug|ARM
		{4CCEC25E-E0F8-4B9D-B1F2-570E5DB4BBB5}.Debug|ARM.Build.0 = Debug|ARM
		{4CCEC25E-E0F8-4B9D-B1F2-570E5DB4BBB5}.Debug|ARM.Deploy.0 = Debug|ARM
		{4CCEC25E-E0F8-4B9D-B1F2-570E5DB4BBB5}.Debug|iPhone.ActiveCfg = Debug|Any CPU
		{4CCEC25E-E0F8-4B9D-B1F2-570E5DB4BBB5}.Debug|iPhone.Build.0 = Debug|Any CPU
		{4CCEC25E-E0F8-4B9D-B1F2-570E5DB4BBB5}.Debug|iPhone.Deploy.0 = Debug|Any CPU
		{4CCEC25E-E0F8-4B9D-B1F2-570E5DB4BBB5}.Debug|iPhoneSimulator.ActiveCfg = Debug|Any CPU
		{4CCEC25E-E0F8-4B9D-B1F2-570E5DB4BBB5}.Debug|iPhoneSimulator.Build.0 = Debug|Any CPU
		{4CCEC25E-E0F8-4B9D-B1F2-570E5DB4BBB5}.Debug|iPhoneSimulator.Deploy.0 = Debug|Any CPU
		{4CCEC25E-E0F8-4B9D-B1F2-570E5DB4BBB5}.Debug|x64.ActiveCfg = Debug|x64
		{4CCEC25E-E0F8-4B9D-B1F2-570E5DB4BBB5}.Debug|x64.Build.0 = Debug|x64
		{4CCEC25E-E0F8-4B9D-B1F2-570E5DB4BBB5}.Debug|x64.Deploy.0 = Debug|x64
		{4CCEC25E-E0F8-4B9D-B1F2-570E5DB4BBB5}.Debug|x86.ActiveCfg = Debug|x86
		{4CCEC25E-E0F8-4B9D-B1F2-570E5DB4BBB5}.Debug|x86.Build.0 = Debug|x86
		{4CCEC25E-E0F8-4B9D-B1F2-570E5DB4BBB5}.Debug|x86.Deploy.0 = Debug|x86
		{4CCEC25E-E0F8-4B9D-B1F2-570E5DB4BBB5}.Release|Any CPU.ActiveCfg = Release|Any CPU
		{4CCEC25E-E0F8-4B9D-B1F2-570E5DB4BBB5}.Release|Any CPU.Build.0 = Release|Any CPU
		{4CCEC25E-E0F8-4B9D-B1F2-570E5DB4BBB5}.Release|Any CPU.Deploy.0 = Release|Any CPU
		{4CCEC25E-E0F8-4B9D-B1F2-570E5DB4BBB5}.Release|ARM.ActiveCfg = Release|ARM
		{4CCEC25E-E0F8-4B9D-B1F2-570E5DB4BBB5}.Release|ARM.Build.0 = Release|ARM
		{4CCEC25E-E0F8-4B9D-B1F2-570E5DB4BBB5}.Release|ARM.Deploy.0 = Release|ARM
		{4CCEC25E-E0F8-4B9D-B1F2-570E5DB4BBB5}.Release|iPhone.ActiveCfg = Release|Any CPU
		{4CCEC25E-E0F8-4B9D-B1F2-570E5DB4BBB5}.Release|iPhone.Build.0 = Release|Any CPU
		{4CCEC25E-E0F8-4B9D-B1F2-570E5DB4BBB5}.Release|iPhone.Deploy.0 = Release|Any CPU
		{4CCEC25E-E0F8-4B9D-B1F2-570E5DB4BBB5}.Release|iPhoneSimulator.ActiveCfg = Release|Any CPU
		{4CCEC25E-E0F8-4B9D-B1F2-570E5DB4BBB5}.Release|iPhoneSimulator.Build.0 = Release|Any CPU
		{4CCEC25E-E0F8-4B9D-B1F2-570E5DB4BBB5}.Release|iPhoneSimulator.Deploy.0 = Release|Any CPU
		{4CCEC25E-E0F8-4B9D-B1F2-570E5DB4BBB5}.Release|x64.ActiveCfg = Release|x64
		{4CCEC25E-E0F8-4B9D-B1F2-570E5DB4BBB5}.Release|x64.Build.0 = Release|x64
		{4CCEC25E-E0F8-4B9D-B1F2-570E5DB4BBB5}.Release|x64.Deploy.0 = Release|x64
		{4CCEC25E-E0F8-4B9D-B1F2-570E5DB4BBB5}.Release|x86.ActiveCfg = Release|x86
		{4CCEC25E-E0F8-4B9D-B1F2-570E5DB4BBB5}.Release|x86.Build.0 = Release|x86
		{4CCEC25E-E0F8-4B9D-B1F2-570E5DB4BBB5}.Release|x86.Deploy.0 = Release|x86
		{C212E36F-E425-49D0-BAF7-B71AB1CCA5FF}.Ad-Hoc|Any CPU.ActiveCfg = Release|Any CPU
		{C212E36F-E425-49D0-BAF7-B71AB1CCA5FF}.Ad-Hoc|Any CPU.Build.0 = Release|Any CPU
		{C212E36F-E425-49D0-BAF7-B71AB1CCA5FF}.Ad-Hoc|Any CPU.Deploy.0 = Release|Any CPU
		{C212E36F-E425-49D0-BAF7-B71AB1CCA5FF}.Ad-Hoc|ARM.ActiveCfg = Release|ARM
		{C212E36F-E425-49D0-BAF7-B71AB1CCA5FF}.Ad-Hoc|ARM.Build.0 = Release|ARM
		{C212E36F-E425-49D0-BAF7-B71AB1CCA5FF}.Ad-Hoc|ARM.Deploy.0 = Release|ARM
		{C212E36F-E425-49D0-BAF7-B71AB1CCA5FF}.Ad-Hoc|iPhone.ActiveCfg = Release|Any CPU
		{C212E36F-E425-49D0-BAF7-B71AB1CCA5FF}.Ad-Hoc|iPhone.Build.0 = Release|Any CPU
		{C212E36F-E425-49D0-BAF7-B71AB1CCA5FF}.Ad-Hoc|iPhone.Deploy.0 = Release|Any CPU
		{C212E36F-E425-49D0-BAF7-B71AB1CCA5FF}.Ad-Hoc|iPhoneSimulator.ActiveCfg = Release|Any CPU
		{C212E36F-E425-49D0-BAF7-B71AB1CCA5FF}.Ad-Hoc|iPhoneSimulator.Build.0 = Release|Any CPU
		{C212E36F-E425-49D0-BAF7-B71AB1CCA5FF}.Ad-Hoc|iPhoneSimulator.Deploy.0 = Release|Any CPU
		{C212E36F-E425-49D0-BAF7-B71AB1CCA5FF}.Ad-Hoc|x64.ActiveCfg = Release|Any CPU
		{C212E36F-E425-49D0-BAF7-B71AB1CCA5FF}.Ad-Hoc|x64.Build.0 = Release|Any CPU
		{C212E36F-E425-49D0-BAF7-B71AB1CCA5FF}.Ad-Hoc|x64.Deploy.0 = Release|Any CPU
		{C212E36F-E425-49D0-BAF7-B71AB1CCA5FF}.Ad-Hoc|x86.ActiveCfg = Release|x86
		{C212E36F-E425-49D0-BAF7-B71AB1CCA5FF}.Ad-Hoc|x86.Build.0 = Release|x86
		{C212E36F-E425-49D0-BAF7-B71AB1CCA5FF}.Ad-Hoc|x86.Deploy.0 = Release|x86
		{C212E36F-E425-49D0-BAF7-B71AB1CCA5FF}.AppStore|Any CPU.ActiveCfg = Release|Any CPU
		{C212E36F-E425-49D0-BAF7-B71AB1CCA5FF}.AppStore|Any CPU.Build.0 = Release|Any CPU
		{C212E36F-E425-49D0-BAF7-B71AB1CCA5FF}.AppStore|Any CPU.Deploy.0 = Release|Any CPU
		{C212E36F-E425-49D0-BAF7-B71AB1CCA5FF}.AppStore|ARM.ActiveCfg = Release|ARM
		{C212E36F-E425-49D0-BAF7-B71AB1CCA5FF}.AppStore|ARM.Build.0 = Release|ARM
		{C212E36F-E425-49D0-BAF7-B71AB1CCA5FF}.AppStore|ARM.Deploy.0 = Release|ARM
		{C212E36F-E425-49D0-BAF7-B71AB1CCA5FF}.AppStore|iPhone.ActiveCfg = Release|Any CPU
		{C212E36F-E425-49D0-BAF7-B71AB1CCA5FF}.AppStore|iPhone.Build.0 = Release|Any CPU
		{C212E36F-E425-49D0-BAF7-B71AB1CCA5FF}.AppStore|iPhone.Deploy.0 = Release|Any CPU
		{C212E36F-E425-49D0-BAF7-B71AB1CCA5FF}.AppStore|iPhoneSimulator.ActiveCfg = Release|Any CPU
		{C212E36F-E425-49D0-BAF7-B71AB1CCA5FF}.AppStore|iPhoneSimulator.Build.0 = Release|Any CPU
		{C212E36F-E425-49D0-BAF7-B71AB1CCA5FF}.AppStore|iPhoneSimulator.Deploy.0 = Release|Any CPU
		{C212E36F-E425-49D0-BAF7-B71AB1CCA5FF}.AppStore|x64.ActiveCfg = Release|Any CPU
		{C212E36F-E425-49D0-BAF7-B71AB1CCA5FF}.AppStore|x64.Build.0 = Release|Any CPU
		{C212E36F-E425-49D0-BAF7-B71AB1CCA5FF}.AppStore|x64.Deploy.0 = Release|Any CPU
		{C212E36F-E425-49D0-BAF7-B71AB1CCA5FF}.AppStore|x86.ActiveCfg = Release|x86
		{C212E36F-E425-49D0-BAF7-B71AB1CCA5FF}.AppStore|x86.Build.0 = Release|x86
		{C212E36F-E425-49D0-BAF7-B71AB1CCA5FF}.AppStore|x86.Deploy.0 = Release|x86
		{C212E36F-E425-49D0-BAF7-B71AB1CCA5FF}.Debug|Any CPU.ActiveCfg = Debug|Any CPU
		{C212E36F-E425-49D0-BAF7-B71AB1CCA5FF}.Debug|Any CPU.Build.0 = Debug|Any CPU
		{C212E36F-E425-49D0-BAF7-B71AB1CCA5FF}.Debug|Any CPU.Deploy.0 = Debug|Any CPU
		{C212E36F-E425-49D0-BAF7-B71AB1CCA5FF}.Debug|ARM.ActiveCfg = Debug|ARM
		{C212E36F-E425-49D0-BAF7-B71AB1CCA5FF}.Debug|ARM.Build.0 = Debug|ARM
		{C212E36F-E425-49D0-BAF7-B71AB1CCA5FF}.Debug|ARM.Deploy.0 = Debug|ARM
		{C212E36F-E425-49D0-BAF7-B71AB1CCA5FF}.Debug|iPhone.ActiveCfg = Debug|Any CPU
		{C212E36F-E425-49D0-BAF7-B71AB1CCA5FF}.Debug|iPhone.Build.0 = Debug|Any CPU
		{C212E36F-E425-49D0-BAF7-B71AB1CCA5FF}.Debug|iPhone.Deploy.0 = Debug|Any CPU
		{C212E36F-E425-49D0-BAF7-B71AB1CCA5FF}.Debug|iPhoneSimulator.ActiveCfg = Debug|Any CPU
		{C212E36F-E425-49D0-BAF7-B71AB1CCA5FF}.Debug|iPhoneSimulator.Build.0 = Debug|Any CPU
		{C212E36F-E425-49D0-BAF7-B71AB1CCA5FF}.Debug|iPhoneSimulator.Deploy.0 = Debug|Any CPU
		{C212E36F-E425-49D0-BAF7-B71AB1CCA5FF}.Debug|x64.ActiveCfg = Debug|Any CPU
		{C212E36F-E425-49D0-BAF7-B71AB1CCA5FF}.Debug|x64.Build.0 = Debug|Any CPU
		{C212E36F-E425-49D0-BAF7-B71AB1CCA5FF}.Debug|x64.Deploy.0 = Debug|Any CPU
		{C212E36F-E425-49D0-BAF7-B71AB1CCA5FF}.Debug|x86.ActiveCfg = Debug|x86
		{C212E36F-E425-49D0-BAF7-B71AB1CCA5FF}.Debug|x86.Build.0 = Debug|x86
		{C212E36F-E425-49D0-BAF7-B71AB1CCA5FF}.Debug|x86.Deploy.0 = Debug|x86
		{C212E36F-E425-49D0-BAF7-B71AB1CCA5FF}.Release|Any CPU.ActiveCfg = Release|Any CPU
		{C212E36F-E425-49D0-BAF7-B71AB1CCA5FF}.Release|Any CPU.Build.0 = Release|Any CPU
		{C212E36F-E425-49D0-BAF7-B71AB1CCA5FF}.Release|Any CPU.Deploy.0 = Release|Any CPU
		{C212E36F-E425-49D0-BAF7-B71AB1CCA5FF}.Release|ARM.ActiveCfg = Release|ARM
		{C212E36F-E425-49D0-BAF7-B71AB1CCA5FF}.Release|ARM.Build.0 = Release|ARM
		{C212E36F-E425-49D0-BAF7-B71AB1CCA5FF}.Release|ARM.Deploy.0 = Release|ARM
		{C212E36F-E425-49D0-BAF7-B71AB1CCA5FF}.Release|iPhone.ActiveCfg = Release|Any CPU
		{C212E36F-E425-49D0-BAF7-B71AB1CCA5FF}.Release|iPhone.Build.0 = Release|Any CPU
		{C212E36F-E425-49D0-BAF7-B71AB1CCA5FF}.Release|iPhone.Deploy.0 = Release|Any CPU
		{C212E36F-E425-49D0-BAF7-B71AB1CCA5FF}.Release|iPhoneSimulator.ActiveCfg = Release|Any CPU
		{C212E36F-E425-49D0-BAF7-B71AB1CCA5FF}.Release|iPhoneSimulator.Build.0 = Release|Any CPU
		{C212E36F-E425-49D0-BAF7-B71AB1CCA5FF}.Release|iPhoneSimulator.Deploy.0 = Release|Any CPU
		{C212E36F-E425-49D0-BAF7-B71AB1CCA5FF}.Release|x64.ActiveCfg = Release|Any CPU
		{C212E36F-E425-49D0-BAF7-B71AB1CCA5FF}.Release|x64.Build.0 = Release|Any CPU
		{C212E36F-E425-49D0-BAF7-B71AB1CCA5FF}.Release|x64.Deploy.0 = Release|Any CPU
		{C212E36F-E425-49D0-BAF7-B71AB1CCA5FF}.Release|x86.ActiveCfg = Release|x86
		{C212E36F-E425-49D0-BAF7-B71AB1CCA5FF}.Release|x86.Build.0 = Release|x86
		{C212E36F-E425-49D0-BAF7-B71AB1CCA5FF}.Release|x86.Deploy.0 = Release|x86
	EndGlobalSection
	GlobalSection(SolutionProperties) = preSolution
		HideSolutionNode = FALSE
	EndGlobalSection
EndGlobal
